// !$*UTF8*$!
{
	archiveVersion = 1;
	classes = {
	};
	objectVersion = 46;
	objects = {

/* Begin PBXBuildFile section */
		F6AF87A71E3E452B00CA1E3B /* Delegate.m in Sources */ = {isa = PBXBuildFile; fileRef = F6AF87A51E3E452B00CA1E3B /* Delegate.m */; };
		F6AF87A81E3E452B00CA1E3B /* Delegate.swift in Sources */ = {isa = PBXBuildFile; fileRef = F6AF87A61E3E452B00CA1E3B /* Delegate.swift */; };
		F6AF87AA1E3E456100CA1E3B /* DelegateTests.m in Sources */ = {isa = PBXBuildFile; fileRef = F6AF87A91E3E456100CA1E3B /* DelegateTests.m */; };
		F6AF87AE1E3E458B00CA1E3B /* DelegateTests.swift in Sources */ = {isa = PBXBuildFile; fileRef = F6AF87AD1E3E458B00CA1E3B /* DelegateTests.swift */; };
		F6AF87B41E3E4DC400CA1E3B /* NotificationCenter.swift in Sources */ = {isa = PBXBuildFile; fileRef = F6AF87B31E3E4DC400CA1E3B /* NotificationCenter.swift */; };
		F6AF87B61E3E4DD300CA1E3B /* NotificationCenterTests.swift in Sources */ = {isa = PBXBuildFile; fileRef = F6AF87B51E3E4DD300CA1E3B /* NotificationCenterTests.swift */; };
		F6AF87B91E3E4DE400CA1E3B /* NotificationCenter.m in Sources */ = {isa = PBXBuildFile; fileRef = F6AF87B81E3E4DE400CA1E3B /* NotificationCenter.m */; };
		F6AF87BB1E3E4DF600CA1E3B /* NotificationCenterTests.m in Sources */ = {isa = PBXBuildFile; fileRef = F6AF87BA1E3E4DF600CA1E3B /* NotificationCenterTests.m */; };
/* End PBXBuildFile section */

/* Begin PBXFileReference section */
		F6AF87861E3E3C3700CA1E3B /* CallbackTechniquesTests.xctest */ = {isa = PBXFileReference; explicitFileType = wrapper.cfbundle; includeInIndex = 0; path = CallbackTechniquesTests.xctest; sourceTree = BUILT_PRODUCTS_DIR; };
		F6AF878C1E3E3C3700CA1E3B /* Info.plist */ = {isa = PBXFileReference; lastKnownFileType = text.plist.xml; path = Info.plist; sourceTree = "<group>"; };
		F6AF87971E3E3F1800CA1E3B /* CallbackTechniquesTests-Bridging-Header.h */ = {isa = PBXFileReference; lastKnownFileType = sourcecode.c.h; path = "CallbackTechniquesTests-Bridging-Header.h"; sourceTree = "<group>"; };
		F6AF87A41E3E452B00CA1E3B /* Delegate.h */ = {isa = PBXFileReference; fileEncoding = 4; lastKnownFileType = sourcecode.c.h; path = Delegate.h; sourceTree = "<group>"; };
		F6AF87A51E3E452B00CA1E3B /* Delegate.m */ = {isa = PBXFileReference; fileEncoding = 4; lastKnownFileType = sourcecode.c.objc; path = Delegate.m; sourceTree = "<group>"; };
		F6AF87A61E3E452B00CA1E3B /* Delegate.swift */ = {isa = PBXFileReference; fileEncoding = 4; lastKnownFileType = sourcecode.swift; path = Delegate.swift; sourceTree = "<group>"; };
		F6AF87A91E3E456100CA1E3B /* DelegateTests.m */ = {isa = PBXFileReference; fileEncoding = 4; lastKnownFileType = sourcecode.c.objc; path = DelegateTests.m; sourceTree = "<group>"; };
		F6AF87AD1E3E458B00CA1E3B /* DelegateTests.swift */ = {isa = PBXFileReference; fileEncoding = 4; lastKnownFileType = sourcecode.swift; path = DelegateTests.swift; sourceTree = "<group>"; };
		F6AF87AF1E3E48C600CA1E3B /* CallbackTechniquesTests-Prefix.pch */ = {isa = PBXFileReference; lastKnownFileType = sourcecode.c.h; path = "CallbackTechniquesTests-Prefix.pch"; sourceTree = "<group>"; };
		F6AF87B31E3E4DC400CA1E3B /* NotificationCenter.swift */ = {isa = PBXFileReference; fileEncoding = 4; lastKnownFileType = sourcecode.swift; path = NotificationCenter.swift; sourceTree = "<group>"; };
		F6AF87B51E3E4DD300CA1E3B /* NotificationCenterTests.swift */ = {isa = PBXFileReference; fileEncoding = 4; lastKnownFileType = sourcecode.swift; path = NotificationCenterTests.swift; sourceTree = "<group>"; };
		F6AF87B71E3E4DE400CA1E3B /* NotificationCenter.h */ = {isa = PBXFileReference; fileEncoding = 4; lastKnownFileType = sourcecode.c.h; path = NotificationCenter.h; sourceTree = "<group>"; };
		F6AF87B81E3E4DE400CA1E3B /* NotificationCenter.m */ = {isa = PBXFileReference; fileEncoding = 4; lastKnownFileType = sourcecode.c.objc; path = NotificationCenter.m; sourceTree = "<group>"; };
		F6AF87BA1E3E4DF600CA1E3B /* NotificationCenterTests.m */ = {isa = PBXFileReference; fileEncoding = 4; lastKnownFileType = sourcecode.c.objc; path = NotificationCenterTests.m; sourceTree = "<group>"; };
/* End PBXFileReference section */

/* Begin PBXFrameworksBuildPhase section */
		F6AF87831E3E3C3700CA1E3B /* Frameworks */ = {
			isa = PBXFrameworksBuildPhase;
			buildActionMask = 2147483647;
			files = (
			);
			runOnlyForDeploymentPostprocessing = 0;
		};
/* End PBXFrameworksBuildPhase section */

/* Begin PBXGroup section */
		F6AF87691E3E3C3600CA1E3B = {
			isa = PBXGroup;
			children = (
				F6AF87891E3E3C3700CA1E3B /* CallbackTechniquesTests */,
				F6AF879A1E3E3F2E00CA1E3B /* Info.plist and headers */,
				F6AF87731E3E3C3700CA1E3B /* Products */,
			);
			sourceTree = "<group>";
		};
		F6AF87731E3E3C3700CA1E3B /* Products */ = {
			isa = PBXGroup;
			children = (
				F6AF87861E3E3C3700CA1E3B /* CallbackTechniquesTests.xctest */,
			);
			name = Products;
			sourceTree = "<group>";
		};
		F6AF87891E3E3C3700CA1E3B /* CallbackTechniquesTests */ = {
			isa = PBXGroup;
			children = (
				F6AF87A31E3E452B00CA1E3B /* Delegate */,
				F6AF87B01E3E4D9A00CA1E3B /* NotificationCenter */,
			);
			path = CallbackTechniquesTests;
			sourceTree = "<group>";
		};
		F6AF879A1E3E3F2E00CA1E3B /* Info.plist and headers */ = {
			isa = PBXGroup;
			children = (
				F6AF87971E3E3F1800CA1E3B /* CallbackTechniquesTests-Bridging-Header.h */,
				F6AF87AF1E3E48C600CA1E3B /* CallbackTechniquesTests-Prefix.pch */,
				F6AF878C1E3E3C3700CA1E3B /* Info.plist */,
			);
			name = "Info.plist and headers";
			path = CallbackTechniquesTests;
			sourceTree = "<group>";
		};
		F6AF87A31E3E452B00CA1E3B /* Delegate */ = {
			isa = PBXGroup;
			children = (
				F6AF87AC1E3E457600CA1E3B /* Swift */,
				F6AF87AB1E3E456A00CA1E3B /* Objective-C */,
			);
			path = Delegate;
			sourceTree = "<group>";
		};
		F6AF87AB1E3E456A00CA1E3B /* Objective-C */ = {
			isa = PBXGroup;
			children = (
				F6AF87A41E3E452B00CA1E3B /* Delegate.h */,
				F6AF87A51E3E452B00CA1E3B /* Delegate.m */,
				F6AF87A91E3E456100CA1E3B /* DelegateTests.m */,
			);
			name = "Objective-C";
			sourceTree = "<group>";
		};
		F6AF87AC1E3E457600CA1E3B /* Swift */ = {
			isa = PBXGroup;
			children = (
				F6AF87A61E3E452B00CA1E3B /* Delegate.swift */,
				F6AF87AD1E3E458B00CA1E3B /* DelegateTests.swift */,
			);
			name = Swift;
			sourceTree = "<group>";
		};
		F6AF87B01E3E4D9A00CA1E3B /* NotificationCenter */ = {
			isa = PBXGroup;
			children = (
				F6AF87B11E3E4DA200CA1E3B /* Swift */,
				F6AF87B21E3E4DA700CA1E3B /* Objective-C */,
			);
			path = NotificationCenter;
			sourceTree = "<group>";
		};
		F6AF87B11E3E4DA200CA1E3B /* Swift */ = {
			isa = PBXGroup;
			children = (
				F6AF87B31E3E4DC400CA1E3B /* NotificationCenter.swift */,
				F6AF87B51E3E4DD300CA1E3B /* NotificationCenterTests.swift */,
			);
			name = Swift;
			sourceTree = "<group>";
		};
		F6AF87B21E3E4DA700CA1E3B /* Objective-C */ = {
			isa = PBXGroup;
			children = (
				F6AF87B71E3E4DE400CA1E3B /* NotificationCenter.h */,
				F6AF87B81E3E4DE400CA1E3B /* NotificationCenter.m */,
				F6AF87BA1E3E4DF600CA1E3B /* NotificationCenterTests.m */,
			);
			name = "Objective-C";
			sourceTree = "<group>";
		};
/* End PBXGroup section */

/* Begin PBXNativeTarget section */
		F6AF87851E3E3C3700CA1E3B /* CallbackTechniquesTests */ = {
			isa = PBXNativeTarget;
			buildConfigurationList = F6AF87921E3E3C3700CA1E3B /* Build configuration list for PBXNativeTarget "CallbackTechniquesTests" */;
			buildPhases = (
				F6AF87821E3E3C3700CA1E3B /* Sources */,
				F6AF87831E3E3C3700CA1E3B /* Frameworks */,
				F6AF87841E3E3C3700CA1E3B /* Resources */,
			);
			buildRules = (
			);
			dependencies = (
			);
			name = CallbackTechniquesTests;
			productName = CallbackTechniquesTests;
			productReference = F6AF87861E3E3C3700CA1E3B /* CallbackTechniquesTests.xctest */;
			productType = "com.apple.product-type.bundle.unit-test";
		};
/* End PBXNativeTarget section */

/* Begin PBXProject section */
		F6AF876A1E3E3C3600CA1E3B /* Project object */ = {
			isa = PBXProject;
			attributes = {
				LastSwiftUpdateCheck = 0820;
				LastUpgradeCheck = 0820;
				ORGANIZATIONNAME = "Alexey Naumov";
				TargetAttributes = {
					F6AF87851E3E3C3700CA1E3B = {
						CreatedOnToolsVersion = 8.2.1;
						LastSwiftMigration = 0820;
						ProvisioningStyle = Automatic;
					};
				};
			};
			buildConfigurationList = F6AF876D1E3E3C3600CA1E3B /* Build configuration list for PBXProject "CallbackTechniques" */;
			compatibilityVersion = "Xcode 3.2";
			developmentRegion = English;
			hasScannedForEncodings = 0;
			knownRegions = (
				en,
				Base,
			);
			mainGroup = F6AF87691E3E3C3600CA1E3B;
			productRefGroup = F6AF87731E3E3C3700CA1E3B /* Products */;
			projectDirPath = "";
			projectRoot = "";
			targets = (
				F6AF87851E3E3C3700CA1E3B /* CallbackTechniquesTests */,
			);
		};
/* End PBXProject section */

/* Begin PBXResourcesBuildPhase section */
		F6AF87841E3E3C3700CA1E3B /* Resources */ = {
			isa = PBXResourcesBuildPhase;
			buildActionMask = 2147483647;
			files = (
			);
			runOnlyForDeploymentPostprocessing = 0;
		};
/* End PBXResourcesBuildPhase section */

/* Begin PBXSourcesBuildPhase section */
		F6AF87821E3E3C3700CA1E3B /* Sources */ = {
			isa = PBXSourcesBuildPhase;
			buildActionMask = 2147483647;
			files = (
				F6AF87AE1E3E458B00CA1E3B /* DelegateTests.swift in Sources */,
				F6AF87A81E3E452B00CA1E3B /* Delegate.swift in Sources */,
				F6AF87B41E3E4DC400CA1E3B /* NotificationCenter.swift in Sources */,
				F6AF87A71E3E452B00CA1E3B /* Delegate.m in Sources */,
				F6AF87B91E3E4DE400CA1E3B /* NotificationCenter.m in Sources */,
				F6AF87AA1E3E456100CA1E3B /* DelegateTests.m in Sources */,
				F6AF87B61E3E4DD300CA1E3B /* NotificationCenterTests.swift in Sources */,
				F6AF87BB1E3E4DF600CA1E3B /* NotificationCenterTests.m in Sources */,
			);
			runOnlyForDeploymentPostprocessing = 0;
		};
/* End PBXSourcesBuildPhase section */

/* Begin XCBuildConfiguration section */
		F6AF878D1E3E3C3700CA1E3B /* Debug */ = {
			isa = XCBuildConfiguration;
			buildSettings = {
				ALWAYS_SEARCH_USER_PATHS = NO;
				CLANG_ANALYZER_NONNULL = YES;
				CLANG_CXX_LANGUAGE_STANDARD = "gnu++0x";
				CLANG_CXX_LIBRARY = "libc++";
				CLANG_ENABLE_MODULES = YES;
				CLANG_ENABLE_OBJC_ARC = YES;
				CLANG_WARN_BOOL_CONVERSION = YES;
				CLANG_WARN_CONSTANT_CONVERSION = YES;
				CLANG_WARN_DIRECT_OBJC_ISA_USAGE = YES_ERROR;
				CLANG_WARN_DOCUMENTATION_COMMENTS = YES;
				CLANG_WARN_EMPTY_BODY = YES;
				CLANG_WARN_ENUM_CONVERSION = YES;
				CLANG_WARN_INFINITE_RECURSION = YES;
				CLANG_WARN_INT_CONVERSION = YES;
				CLANG_WARN_OBJC_ROOT_CLASS = YES_ERROR;
				CLANG_WARN_SUSPICIOUS_MOVE = YES;
				CLANG_WARN_UNREACHABLE_CODE = YES;
				CLANG_WARN__DUPLICATE_METHOD_MATCH = YES;
				"CODE_SIGN_IDENTITY[sdk=iphoneos*]" = "iPhone Developer";
				COPY_PHASE_STRIP = NO;
				DEBUG_INFORMATION_FORMAT = dwarf;
				ENABLE_STRICT_OBJC_MSGSEND = YES;
				ENABLE_TESTABILITY = YES;
				GCC_C_LANGUAGE_STANDARD = gnu99;
				GCC_DYNAMIC_NO_PIC = NO;
				GCC_NO_COMMON_BLOCKS = YES;
				GCC_OPTIMIZATION_LEVEL = 0;
				GCC_PRECOMPILE_PREFIX_HEADER = YES;
				GCC_PREFIX_HEADER = "$(SRCROOT)/CallbackTechniquesTests/CallbackTechniquesTests-Prefix.pch";
				GCC_PREPROCESSOR_DEFINITIONS = (
					"DEBUG=1",
					"$(inherited)",
				);
				GCC_WARN_64_TO_32_BIT_CONVERSION = YES;
				GCC_WARN_ABOUT_RETURN_TYPE = YES_ERROR;
				GCC_WARN_UNDECLARED_SELECTOR = YES;
				GCC_WARN_UNINITIALIZED_AUTOS = YES_AGGRESSIVE;
				GCC_WARN_UNUSED_FUNCTION = YES;
				GCC_WARN_UNUSED_VARIABLE = YES;
				IPHONEOS_DEPLOYMENT_TARGET = 10.2;
				MTL_ENABLE_DEBUG_INFO = YES;
				ONLY_ACTIVE_ARCH = YES;
				SDKROOT = iphoneos;
				SWIFT_ACTIVE_COMPILATION_CONDITIONS = DEBUG;
				SWIFT_OPTIMIZATION_LEVEL = "-Onone";
			};
			name = Debug;
		};
		F6AF878E1E3E3C3700CA1E3B /* Release */ = {
			isa = XCBuildConfiguration;
			buildSettings = {
				ALWAYS_SEARCH_USER_PATHS = NO;
				CLANG_ANALYZER_NONNULL = YES;
				CLANG_CXX_LANGUAGE_STANDARD = "gnu++0x";
				CLANG_CXX_LIBRARY = "libc++";
				CLANG_ENABLE_MODULES = YES;
				CLANG_ENABLE_OBJC_ARC = YES;
				CLANG_WARN_BOOL_CONVERSION = YES;
				CLANG_WARN_CONSTANT_CONVERSION = YES;
				CLANG_WARN_DIRECT_OBJC_ISA_USAGE = YES_ERROR;
				CLANG_WARN_DOCUMENTATION_COMMENTS = YES;
				CLANG_WARN_EMPTY_BODY = YES;
				CLANG_WARN_ENUM_CONVERSION = YES;
				CLANG_WARN_INFINITE_RECURSION = YES;
				CLANG_WARN_INT_CONVERSION = YES;
				CLANG_WARN_OBJC_ROOT_CLASS = YES_ERROR;
				CLANG_WARN_SUSPICIOUS_MOVE = YES;
				CLANG_WARN_UNREACHABLE_CODE = YES;
				CLANG_WARN__DUPLICATE_METHOD_MATCH = YES;
				"CODE_SIGN_IDENTITY[sdk=iphoneos*]" = "iPhone Developer";
				COPY_PHASE_STRIP = NO;
				DEBUG_INFORMATION_FORMAT = "dwarf-with-dsym";
				ENABLE_NS_ASSERTIONS = NO;
				ENABLE_STRICT_OBJC_MSGSEND = YES;
				GCC_C_LANGUAGE_STANDARD = gnu99;
				GCC_NO_COMMON_BLOCKS = YES;
				GCC_PRECOMPILE_PREFIX_HEADER = YES;
				GCC_PREFIX_HEADER = "$(SRCROOT)/CallbackTechniquesTests/CallbackTechniquesTests-Prefix.pch";
				GCC_WARN_64_TO_32_BIT_CONVERSION = YES;
				GCC_WARN_ABOUT_RETURN_TYPE = YES_ERROR;
				GCC_WARN_UNDECLARED_SELECTOR = YES;
				GCC_WARN_UNINITIALIZED_AUTOS = YES_AGGRESSIVE;
				GCC_WARN_UNUSED_FUNCTION = YES;
				GCC_WARN_UNUSED_VARIABLE = YES;
				IPHONEOS_DEPLOYMENT_TARGET = 10.2;
				MTL_ENABLE_DEBUG_INFO = NO;
				SDKROOT = iphoneos;
				SWIFT_OPTIMIZATION_LEVEL = "-Owholemodule";
				VALIDATE_PRODUCT = YES;
			};
			name = Release;
		};
		F6AF87931E3E3C3700CA1E3B /* Debug */ = {
			isa = XCBuildConfiguration;
			buildSettings = {
				ALWAYS_EMBED_SWIFT_STANDARD_LIBRARIES = YES;
				CLANG_ENABLE_MODULES = YES;
				INFOPLIST_FILE = CallbackTechniquesTests/Info.plist;
				LD_RUNPATH_SEARCH_PATHS = "$(inherited) @executable_path/Frameworks @loader_path/Frameworks";
				PRODUCT_BUNDLE_IDENTIFIER = "Alexey-Naumov.CallbackTechniquesTests";
				PRODUCT_NAME = "$(TARGET_NAME)";
				SWIFT_OBJC_BRIDGING_HEADER = "CallbackTechniquesTests/CallbackTechniquesTests-Bridging-Header.h";
				SWIFT_OPTIMIZATION_LEVEL = "-Onone";
				SWIFT_VERSION = 3.0;
			};
			name = Debug;
		};
		F6AF87941E3E3C3700CA1E3B /* Release */ = {
			isa = XCBuildConfiguration;
			buildSettings = {
				ALWAYS_EMBED_SWIFT_STANDARD_LIBRARIES = YES;
				CLANG_ENABLE_MODULES = YES;
				INFOPLIST_FILE = CallbackTechniquesTests/Info.plist;
				LD_RUNPATH_SEARCH_PATHS = "$(inherited) @executable_path/Frameworks @loader_path/Frameworks";
				PRODUCT_BUNDLE_IDENTIFIER = "Alexey-Naumov.CallbackTechniquesTests";
				PRODUCT_NAME = "$(TARGET_NAME)";
				SWIFT_OBJC_BRIDGING_HEADER = "CallbackTechniquesTests/CallbackTechniquesTests-Bridging-Header.h";
				SWIFT_VERSION = 3.0;
			};
			name = Release;
		};
/* End XCBuildConfiguration section */

/* Begin XCConfigurationList section */
		F6AF876D1E3E3C3600CA1E3B /* Build configuration list for PBXProject "CallbackTechniques" */ = {
			isa = XCConfigurationList;
			buildConfigurations = (
				F6AF878D1E3E3C3700CA1E3B /* Debug */,
				F6AF878E1E3E3C3700CA1E3B /* Release */,
			);
			defaultConfigurationIsVisible = 0;
			defaultConfigurationName = Release;
		};
		F6AF87921E3E3C3700CA1E3B /* Build configuration list for PBXNativeTarget "CallbackTechniquesTests" */ = {
			isa = XCConfigurationList;
			buildConfigurations = (
				F6AF87931E3E3C3700CA1E3B /* Debug */,
				F6AF87941E3E3C3700CA1E3B /* Release */,
			);
			defaultConfigurationIsVisible = 0;
		};
/* End XCConfigurationList section */
	};
	rootObject = F6AF876A1E3E3C3600CA1E3B /* Project object */;
}
