// !$*UTF8*$!
{
	archiveVersion = 1;
	classes = {
	};
	objectVersion = 46;
	objects = {

/* Begin PBXBuildFile section */
		F62DDA181E50D829007F345A /* BrightFutures.framework in Frameworks */ = {isa = PBXBuildFile; fileRef = F62DDA171E50D829007F345A /* BrightFutures.framework */; };
		F62DDA191E50D839007F345A /* BrightFutures.framework in CopyFiles */ = {isa = PBXBuildFile; fileRef = F62DDA171E50D829007F345A /* BrightFutures.framework */; settings = {ATTRIBUTES = (CodeSignOnCopy, RemoveHeadersOnCopy, ); }; };
		F6472DB81E6AE73B00C56779 /* Task.swift in Sources */ = {isa = PBXBuildFile; fileRef = F6472DB71E6AE73B00C56779 /* Task.swift */; };
		F6472DBA1E6AE74600C56779 /* TaskTests.swift in Sources */ = {isa = PBXBuildFile; fileRef = F6472DB91E6AE74600C56779 /* TaskTests.swift */; };
		F6472DBE1E6AEBF700C56779 /* Task.m in Sources */ = {isa = PBXBuildFile; fileRef = F6472DBD1E6AEBF700C56779 /* Task.m */; };
		F6472DC01E6AEC0F00C56779 /* TaskTests.m in Sources */ = {isa = PBXBuildFile; fileRef = F6472DBF1E6AEC0F00C56779 /* TaskTests.m */; };
		F647DDF71E4E680200936169 /* StreamOfValues.swift in Sources */ = {isa = PBXBuildFile; fileRef = F647DDF51E4E680200936169 /* StreamOfValues.swift */; };
		F647DDF81E4E680200936169 /* StreamOfValuesTests.swift in Sources */ = {isa = PBXBuildFile; fileRef = F647DDF61E4E680200936169 /* StreamOfValuesTests.swift */; };
		F647DE011E4E6CD200936169 /* Signals.framework in Frameworks */ = {isa = PBXBuildFile; fileRef = F647DE001E4E6CD200936169 /* Signals.framework */; };
		F647DE021E4E6D0C00936169 /* Signals.framework in CopyFiles */ = {isa = PBXBuildFile; fileRef = F647DE001E4E6CD200936169 /* Signals.framework */; settings = {ATTRIBUTES = (CodeSignOnCopy, RemoveHeadersOnCopy, ); }; };
		F647DE061E4F0D1E00936169 /* Event.swift in Sources */ = {isa = PBXBuildFile; fileRef = F647DE041E4F0D1E00936169 /* Event.swift */; };
		F647DE071E4F0D1E00936169 /* EventTests.swift in Sources */ = {isa = PBXBuildFile; fileRef = F647DE051E4F0D1E00936169 /* EventTests.swift */; };
		F64CF9481E4514A700776BA2 /* AppDelegate.swift in Sources */ = {isa = PBXBuildFile; fileRef = F64CF9451E45149D00776BA2 /* AppDelegate.swift */; };
		F64CF9781E45166200776BA2 /* Block.m in Sources */ = {isa = PBXBuildFile; fileRef = F64CF94F1E45166200776BA2 /* Block.m */; };
		F64CF9791E45166200776BA2 /* BlockTests.m in Sources */ = {isa = PBXBuildFile; fileRef = F64CF9501E45166200776BA2 /* BlockTests.m */; };
		F64CF97A1E45166200776BA2 /* Closure.swift in Sources */ = {isa = PBXBuildFile; fileRef = F64CF9511E45166200776BA2 /* Closure.swift */; };
		F64CF97B1E45166200776BA2 /* ClosureTests.swift in Sources */ = {isa = PBXBuildFile; fileRef = F64CF9521E45166200776BA2 /* ClosureTests.swift */; };
		F64CF97C1E45166200776BA2 /* Delegate.m in Sources */ = {isa = PBXBuildFile; fileRef = F64CF9551E45166200776BA2 /* Delegate.m */; };
		F64CF97D1E45166200776BA2 /* Delegate.swift in Sources */ = {isa = PBXBuildFile; fileRef = F64CF9561E45166200776BA2 /* Delegate.swift */; };
		F64CF97E1E45166200776BA2 /* DelegateTests.m in Sources */ = {isa = PBXBuildFile; fileRef = F64CF9571E45166200776BA2 /* DelegateTests.m */; };
		F64CF97F1E45166200776BA2 /* DelegateTests.swift in Sources */ = {isa = PBXBuildFile; fileRef = F64CF9581E45166200776BA2 /* DelegateTests.swift */; };
		F64CF9801E45166200776BA2 /* Invocation.m in Sources */ = {isa = PBXBuildFile; fileRef = F64CF95B1E45166200776BA2 /* Invocation.m */; };
		F64CF9811E45166200776BA2 /* InvocationTests.m in Sources */ = {isa = PBXBuildFile; fileRef = F64CF95C1E45166200776BA2 /* InvocationTests.m */; };
		F64CF9821E45166200776BA2 /* KeyValueObserving.m in Sources */ = {isa = PBXBuildFile; fileRef = F64CF95F1E45166200776BA2 /* KeyValueObserving.m */; };
		F64CF9831E45166200776BA2 /* KeyValueObserving.swift in Sources */ = {isa = PBXBuildFile; fileRef = F64CF9601E45166200776BA2 /* KeyValueObserving.swift */; };
		F64CF9841E45166200776BA2 /* KeyValueObservingTests.m in Sources */ = {isa = PBXBuildFile; fileRef = F64CF9611E45166200776BA2 /* KeyValueObservingTests.m */; };
		F64CF9851E45166200776BA2 /* KeyValueObservingTests.swift in Sources */ = {isa = PBXBuildFile; fileRef = F64CF9621E45166200776BA2 /* KeyValueObservingTests.swift */; };
		F64CF9861E45166200776BA2 /* NotificationCenter.m in Sources */ = {isa = PBXBuildFile; fileRef = F64CF9651E45166200776BA2 /* NotificationCenter.m */; };
		F64CF9871E45166200776BA2 /* NotificationCenter.swift in Sources */ = {isa = PBXBuildFile; fileRef = F64CF9661E45166200776BA2 /* NotificationCenter.swift */; };
		F64CF9881E45166200776BA2 /* NotificationCenterTests.m in Sources */ = {isa = PBXBuildFile; fileRef = F64CF9671E45166200776BA2 /* NotificationCenterTests.m */; };
		F64CF9891E45166200776BA2 /* NotificationCenterTests.swift in Sources */ = {isa = PBXBuildFile; fileRef = F64CF9681E45166200776BA2 /* NotificationCenterTests.swift */; };
		F64CF98A1E45166200776BA2 /* CallbacksPerformanceTests.swift in Sources */ = {isa = PBXBuildFile; fileRef = F64CF9691E45166200776BA2 /* CallbacksPerformanceTests.swift */; };
		F64CF98B1E45166200776BA2 /* Promise.swift in Sources */ = {isa = PBXBuildFile; fileRef = F64CF96B1E45166200776BA2 /* Promise.swift */; };
		F64CF98C1E45166200776BA2 /* PromiseTests.swift in Sources */ = {isa = PBXBuildFile; fileRef = F64CF96C1E45166200776BA2 /* PromiseTests.swift */; };
		F64CF98F1E45166200776BA2 /* Responder.m in Sources */ = {isa = PBXBuildFile; fileRef = F64CF9721E45166200776BA2 /* Responder.m */; };
		F64CF9901E45166200776BA2 /* Responder.swift in Sources */ = {isa = PBXBuildFile; fileRef = F64CF9731E45166200776BA2 /* Responder.swift */; };
		F64CF9911E45166200776BA2 /* ResponderTests.m in Sources */ = {isa = PBXBuildFile; fileRef = F64CF9741E45166200776BA2 /* ResponderTests.m */; };
		F64CF9921E45166200776BA2 /* ResponderTests.swift in Sources */ = {isa = PBXBuildFile; fileRef = F64CF9751E45166200776BA2 /* ResponderTests.swift */; };
		F64CF9931E45166200776BA2 /* PerformanceTestTools.swift in Sources */ = {isa = PBXBuildFile; fileRef = F64CF9771E45166200776BA2 /* PerformanceTestTools.swift */; };
		F6BDBC8D1E451F59002FCE10 /* LaunchScreen.storyboard in Resources */ = {isa = PBXBuildFile; fileRef = F6BDBC8C1E451F59002FCE10 /* LaunchScreen.storyboard */; };
		F6BE304A1E50F05F0066D141 /* RxSwift.framework in Frameworks */ = {isa = PBXBuildFile; fileRef = F6BE30491E50F05F0066D141 /* RxSwift.framework */; };
		F6BE304B1E50F0690066D141 /* RxSwift.framework in CopyFiles */ = {isa = PBXBuildFile; fileRef = F6BE30491E50F05F0066D141 /* RxSwift.framework */; settings = {ATTRIBUTES = (CodeSignOnCopy, RemoveHeadersOnCopy, ); }; };
		F6BE304D1E50F9570066D141 /* EmitterKit.framework in Frameworks */ = {isa = PBXBuildFile; fileRef = F6BE304C1E50F9570066D141 /* EmitterKit.framework */; };
		F6BE304E1E50F95E0066D141 /* EmitterKit.framework in CopyFiles */ = {isa = PBXBuildFile; fileRef = F6BE304C1E50F9570066D141 /* EmitterKit.framework */; settings = {ATTRIBUTES = (CodeSignOnCopy, RemoveHeadersOnCopy, ); }; };
		F6F1157C1E41D5580014AA00 /* PromiseKit.framework in Frameworks */ = {isa = PBXBuildFile; fileRef = F6F115791E41D5580014AA00 /* PromiseKit.framework */; };
		F6F1157D1E41D5580014AA00 /* ReactiveSwift.framework in Frameworks */ = {isa = PBXBuildFile; fileRef = F6F1157A1E41D5580014AA00 /* ReactiveSwift.framework */; };
		F6F1157E1E41D5580014AA00 /* Result.framework in Frameworks */ = {isa = PBXBuildFile; fileRef = F6F1157B1E41D5580014AA00 /* Result.framework */; };
		F6F115861E41EF690014AA00 /* PromiseKit.framework in CopyFiles */ = {isa = PBXBuildFile; fileRef = F6F115791E41D5580014AA00 /* PromiseKit.framework */; settings = {ATTRIBUTES = (CodeSignOnCopy, RemoveHeadersOnCopy, ); }; };
		F6F115871E41EF690014AA00 /* ReactiveSwift.framework in CopyFiles */ = {isa = PBXBuildFile; fileRef = F6F1157A1E41D5580014AA00 /* ReactiveSwift.framework */; settings = {ATTRIBUTES = (CodeSignOnCopy, RemoveHeadersOnCopy, ); }; };
		F6F115881E41EF690014AA00 /* Result.framework in CopyFiles */ = {isa = PBXBuildFile; fileRef = F6F1157B1E41D5580014AA00 /* Result.framework */; settings = {ATTRIBUTES = (CodeSignOnCopy, RemoveHeadersOnCopy, ); }; };
/* End PBXBuildFile section */

/* Begin PBXContainerItemProxy section */
		F6E6EF541E3F7542007A139C /* PBXContainerItemProxy */ = {
			isa = PBXContainerItemProxy;
			containerPortal = F6AF876A1E3E3C3600CA1E3B /* Project object */;
			proxyType = 1;
			remoteGlobalIDString = F6E6EF411E3F74A3007A139C;
			remoteInfo = CallbackTechniques;
		};
/* End PBXContainerItemProxy section */

/* Begin PBXCopyFilesBuildPhase section */
		F6F115851E41EF5C0014AA00 /* CopyFiles */ = {
			isa = PBXCopyFilesBuildPhase;
			buildActionMask = 2147483647;
			dstPath = "";
			dstSubfolderSpec = 10;
			files = (
				F6BE304E1E50F95E0066D141 /* EmitterKit.framework in CopyFiles */,
				F6BE304B1E50F0690066D141 /* RxSwift.framework in CopyFiles */,
				F62DDA191E50D839007F345A /* BrightFutures.framework in CopyFiles */,
				F647DE021E4E6D0C00936169 /* Signals.framework in CopyFiles */,
				F6F115861E41EF690014AA00 /* PromiseKit.framework in CopyFiles */,
				F6F115871E41EF690014AA00 /* ReactiveSwift.framework in CopyFiles */,
				F6F115881E41EF690014AA00 /* Result.framework in CopyFiles */,
			);
			runOnlyForDeploymentPostprocessing = 0;
		};
/* End PBXCopyFilesBuildPhase section */

/* Begin PBXFileReference section */
		F62DDA171E50D829007F345A /* BrightFutures.framework */ = {isa = PBXFileReference; lastKnownFileType = wrapper.framework; name = BrightFutures.framework; path = Carthage/Build/iOS/BrightFutures.framework; sourceTree = "<group>"; };
		F6472DB71E6AE73B00C56779 /* Task.swift */ = {isa = PBXFileReference; fileEncoding = 4; lastKnownFileType = sourcecode.swift; path = Task.swift; sourceTree = "<group>"; };
		F6472DB91E6AE74600C56779 /* TaskTests.swift */ = {isa = PBXFileReference; fileEncoding = 4; lastKnownFileType = sourcecode.swift; path = TaskTests.swift; sourceTree = "<group>"; };
		F6472DBC1E6AEBF700C56779 /* Task.h */ = {isa = PBXFileReference; fileEncoding = 4; lastKnownFileType = sourcecode.c.h; path = Task.h; sourceTree = "<group>"; };
		F6472DBD1E6AEBF700C56779 /* Task.m */ = {isa = PBXFileReference; fileEncoding = 4; lastKnownFileType = sourcecode.c.objc; path = Task.m; sourceTree = "<group>"; };
		F6472DBF1E6AEC0F00C56779 /* TaskTests.m */ = {isa = PBXFileReference; fileEncoding = 4; lastKnownFileType = sourcecode.c.objc; path = TaskTests.m; sourceTree = "<group>"; };
		F647DDF51E4E680200936169 /* StreamOfValues.swift */ = {isa = PBXFileReference; fileEncoding = 4; lastKnownFileType = sourcecode.swift; path = StreamOfValues.swift; sourceTree = "<group>"; };
		F647DDF61E4E680200936169 /* StreamOfValuesTests.swift */ = {isa = PBXFileReference; fileEncoding = 4; lastKnownFileType = sourcecode.swift; path = StreamOfValuesTests.swift; sourceTree = "<group>"; };
		F647DE001E4E6CD200936169 /* Signals.framework */ = {isa = PBXFileReference; lastKnownFileType = wrapper.framework; name = Signals.framework; path = Carthage/Build/iOS/Signals.framework; sourceTree = "<group>"; };
		F647DE041E4F0D1E00936169 /* Event.swift */ = {isa = PBXFileReference; fileEncoding = 4; lastKnownFileType = sourcecode.swift; path = Event.swift; sourceTree = "<group>"; };
		F647DE051E4F0D1E00936169 /* EventTests.swift */ = {isa = PBXFileReference; fileEncoding = 4; lastKnownFileType = sourcecode.swift; path = EventTests.swift; sourceTree = "<group>"; };
		F64CF9451E45149D00776BA2 /* AppDelegate.swift */ = {isa = PBXFileReference; lastKnownFileType = sourcecode.swift; path = AppDelegate.swift; sourceTree = "<group>"; };
		F64CF9461E45149D00776BA2 /* Info.plist */ = {isa = PBXFileReference; lastKnownFileType = text.plist.xml; path = Info.plist; sourceTree = "<group>"; };
		F64CF9491E45151F00776BA2 /* PerformanceTests-Bridging-Header.h */ = {isa = PBXFileReference; lastKnownFileType = sourcecode.c.h; path = "PerformanceTests-Bridging-Header.h"; sourceTree = "<group>"; };
		F64CF94A1E45151F00776BA2 /* PerformanceTests-Prefix.pch */ = {isa = PBXFileReference; lastKnownFileType = sourcecode.c.h; path = "PerformanceTests-Prefix.pch"; sourceTree = "<group>"; };
		F64CF94B1E45151F00776BA2 /* Info.plist */ = {isa = PBXFileReference; lastKnownFileType = text.plist.xml; path = Info.plist; sourceTree = "<group>"; };
		F64CF94E1E45166200776BA2 /* Block.h */ = {isa = PBXFileReference; fileEncoding = 4; lastKnownFileType = sourcecode.c.h; path = Block.h; sourceTree = "<group>"; };
		F64CF94F1E45166200776BA2 /* Block.m */ = {isa = PBXFileReference; fileEncoding = 4; lastKnownFileType = sourcecode.c.objc; path = Block.m; sourceTree = "<group>"; };
		F64CF9501E45166200776BA2 /* BlockTests.m */ = {isa = PBXFileReference; fileEncoding = 4; lastKnownFileType = sourcecode.c.objc; path = BlockTests.m; sourceTree = "<group>"; };
		F64CF9511E45166200776BA2 /* Closure.swift */ = {isa = PBXFileReference; fileEncoding = 4; lastKnownFileType = sourcecode.swift; path = Closure.swift; sourceTree = "<group>"; };
		F64CF9521E45166200776BA2 /* ClosureTests.swift */ = {isa = PBXFileReference; fileEncoding = 4; lastKnownFileType = sourcecode.swift; path = ClosureTests.swift; sourceTree = "<group>"; };
		F64CF9541E45166200776BA2 /* Delegate.h */ = {isa = PBXFileReference; fileEncoding = 4; lastKnownFileType = sourcecode.c.h; path = Delegate.h; sourceTree = "<group>"; };
		F64CF9551E45166200776BA2 /* Delegate.m */ = {isa = PBXFileReference; fileEncoding = 4; lastKnownFileType = sourcecode.c.objc; path = Delegate.m; sourceTree = "<group>"; };
		F64CF9561E45166200776BA2 /* Delegate.swift */ = {isa = PBXFileReference; fileEncoding = 4; lastKnownFileType = sourcecode.swift; path = Delegate.swift; sourceTree = "<group>"; };
		F64CF9571E45166200776BA2 /* DelegateTests.m */ = {isa = PBXFileReference; fileEncoding = 4; lastKnownFileType = sourcecode.c.objc; path = DelegateTests.m; sourceTree = "<group>"; };
		F64CF9581E45166200776BA2 /* DelegateTests.swift */ = {isa = PBXFileReference; fileEncoding = 4; lastKnownFileType = sourcecode.swift; path = DelegateTests.swift; sourceTree = "<group>"; };
		F64CF95A1E45166200776BA2 /* Invocation.h */ = {isa = PBXFileReference; fileEncoding = 4; lastKnownFileType = sourcecode.c.h; path = Invocation.h; sourceTree = "<group>"; };
		F64CF95B1E45166200776BA2 /* Invocation.m */ = {isa = PBXFileReference; fileEncoding = 4; lastKnownFileType = sourcecode.c.objc; path = Invocation.m; sourceTree = "<group>"; };
		F64CF95C1E45166200776BA2 /* InvocationTests.m */ = {isa = PBXFileReference; fileEncoding = 4; lastKnownFileType = sourcecode.c.objc; path = InvocationTests.m; sourceTree = "<group>"; };
		F64CF95E1E45166200776BA2 /* KeyValueObserving.h */ = {isa = PBXFileReference; fileEncoding = 4; lastKnownFileType = sourcecode.c.h; path = KeyValueObserving.h; sourceTree = "<group>"; };
		F64CF95F1E45166200776BA2 /* KeyValueObserving.m */ = {isa = PBXFileReference; fileEncoding = 4; lastKnownFileType = sourcecode.c.objc; path = KeyValueObserving.m; sourceTree = "<group>"; };
		F64CF9601E45166200776BA2 /* KeyValueObserving.swift */ = {isa = PBXFileReference; fileEncoding = 4; lastKnownFileType = sourcecode.swift; path = KeyValueObserving.swift; sourceTree = "<group>"; };
		F64CF9611E45166200776BA2 /* KeyValueObservingTests.m */ = {isa = PBXFileReference; fileEncoding = 4; lastKnownFileType = sourcecode.c.objc; path = KeyValueObservingTests.m; sourceTree = "<group>"; };
		F64CF9621E45166200776BA2 /* KeyValueObservingTests.swift */ = {isa = PBXFileReference; fileEncoding = 4; lastKnownFileType = sourcecode.swift; path = KeyValueObservingTests.swift; sourceTree = "<group>"; };
		F64CF9641E45166200776BA2 /* NotificationCenter.h */ = {isa = PBXFileReference; fileEncoding = 4; lastKnownFileType = sourcecode.c.h; path = NotificationCenter.h; sourceTree = "<group>"; };
		F64CF9651E45166200776BA2 /* NotificationCenter.m */ = {isa = PBXFileReference; fileEncoding = 4; lastKnownFileType = sourcecode.c.objc; path = NotificationCenter.m; sourceTree = "<group>"; };
		F64CF9661E45166200776BA2 /* NotificationCenter.swift */ = {isa = PBXFileReference; fileEncoding = 4; lastKnownFileType = sourcecode.swift; path = NotificationCenter.swift; sourceTree = "<group>"; };
		F64CF9671E45166200776BA2 /* NotificationCenterTests.m */ = {isa = PBXFileReference; fileEncoding = 4; lastKnownFileType = sourcecode.c.objc; path = NotificationCenterTests.m; sourceTree = "<group>"; };
		F64CF9681E45166200776BA2 /* NotificationCenterTests.swift */ = {isa = PBXFileReference; fileEncoding = 4; lastKnownFileType = sourcecode.swift; path = NotificationCenterTests.swift; sourceTree = "<group>"; };
		F64CF9691E45166200776BA2 /* CallbacksPerformanceTests.swift */ = {isa = PBXFileReference; fileEncoding = 4; lastKnownFileType = sourcecode.swift; path = CallbacksPerformanceTests.swift; sourceTree = "<group>"; };
		F64CF96B1E45166200776BA2 /* Promise.swift */ = {isa = PBXFileReference; fileEncoding = 4; lastKnownFileType = sourcecode.swift; path = Promise.swift; sourceTree = "<group>"; };
		F64CF96C1E45166200776BA2 /* PromiseTests.swift */ = {isa = PBXFileReference; fileEncoding = 4; lastKnownFileType = sourcecode.swift; path = PromiseTests.swift; sourceTree = "<group>"; };
		F64CF9711E45166200776BA2 /* Responder.h */ = {isa = PBXFileReference; fileEncoding = 4; lastKnownFileType = sourcecode.c.h; path = Responder.h; sourceTree = "<group>"; };
		F64CF9721E45166200776BA2 /* Responder.m */ = {isa = PBXFileReference; fileEncoding = 4; lastKnownFileType = sourcecode.c.objc; path = Responder.m; sourceTree = "<group>"; };
		F64CF9731E45166200776BA2 /* Responder.swift */ = {isa = PBXFileReference; fileEncoding = 4; lastKnownFileType = sourcecode.swift; path = Responder.swift; sourceTree = "<group>"; };
		F64CF9741E45166200776BA2 /* ResponderTests.m */ = {isa = PBXFileReference; fileEncoding = 4; lastKnownFileType = sourcecode.c.objc; path = ResponderTests.m; sourceTree = "<group>"; };
		F64CF9751E45166200776BA2 /* ResponderTests.swift */ = {isa = PBXFileReference; fileEncoding = 4; lastKnownFileType = sourcecode.swift; path = ResponderTests.swift; sourceTree = "<group>"; };
		F64CF9771E45166200776BA2 /* PerformanceTestTools.swift */ = {isa = PBXFileReference; fileEncoding = 4; lastKnownFileType = sourcecode.swift; path = PerformanceTestTools.swift; sourceTree = "<group>"; };
		F6AF87861E3E3C3700CA1E3B /* PerformanceTests.xctest */ = {isa = PBXFileReference; explicitFileType = wrapper.cfbundle; includeInIndex = 0; path = PerformanceTests.xctest; sourceTree = BUILT_PRODUCTS_DIR; };
		F6BDBC8C1E451F59002FCE10 /* LaunchScreen.storyboard */ = {isa = PBXFileReference; fileEncoding = 4; lastKnownFileType = file.storyboard; path = LaunchScreen.storyboard; sourceTree = "<group>"; };
		F6BE30491E50F05F0066D141 /* RxSwift.framework */ = {isa = PBXFileReference; lastKnownFileType = wrapper.framework; name = RxSwift.framework; path = Carthage/Build/iOS/RxSwift.framework; sourceTree = "<group>"; };
		F6BE304C1E50F9570066D141 /* EmitterKit.framework */ = {isa = PBXFileReference; lastKnownFileType = wrapper.framework; name = EmitterKit.framework; path = Carthage/Build/iOS/EmitterKit.framework; sourceTree = "<group>"; };
		F6E6EF421E3F74A3007A139C /* App.app */ = {isa = PBXFileReference; explicitFileType = wrapper.application; includeInIndex = 0; path = App.app; sourceTree = BUILT_PRODUCTS_DIR; };
		F6F115791E41D5580014AA00 /* PromiseKit.framework */ = {isa = PBXFileReference; lastKnownFileType = wrapper.framework; name = PromiseKit.framework; path = Carthage/Build/iOS/PromiseKit.framework; sourceTree = "<group>"; };
		F6F1157A1E41D5580014AA00 /* ReactiveSwift.framework */ = {isa = PBXFileReference; lastKnownFileType = wrapper.framework; name = ReactiveSwift.framework; path = Carthage/Build/iOS/ReactiveSwift.framework; sourceTree = "<group>"; };
		F6F1157B1E41D5580014AA00 /* Result.framework */ = {isa = PBXFileReference; lastKnownFileType = wrapper.framework; name = Result.framework; path = Carthage/Build/iOS/Result.framework; sourceTree = "<group>"; };
/* End PBXFileReference section */

/* Begin PBXFrameworksBuildPhase section */
		F6AF87831E3E3C3700CA1E3B /* Frameworks */ = {
			isa = PBXFrameworksBuildPhase;
			buildActionMask = 2147483647;
			files = (
				F6F1157C1E41D5580014AA00 /* PromiseKit.framework in Frameworks */,
				F6F1157D1E41D5580014AA00 /* ReactiveSwift.framework in Frameworks */,
				F6F1157E1E41D5580014AA00 /* Result.framework in Frameworks */,
				F647DE011E4E6CD200936169 /* Signals.framework in Frameworks */,
				F62DDA181E50D829007F345A /* BrightFutures.framework in Frameworks */,
				F6BE304A1E50F05F0066D141 /* RxSwift.framework in Frameworks */,
				F6BE304D1E50F9570066D141 /* EmitterKit.framework in Frameworks */,
			);
			runOnlyForDeploymentPostprocessing = 0;
		};
		F6E6EF3F1E3F74A3007A139C /* Frameworks */ = {
			isa = PBXFrameworksBuildPhase;
			buildActionMask = 2147483647;
			files = (
			);
			runOnlyForDeploymentPostprocessing = 0;
		};
/* End PBXFrameworksBuildPhase section */

/* Begin PBXGroup section */
		F6472DB51E6AE71700C56779 /* Task */ = {
			isa = PBXGroup;
			children = (
				F6472DBB1E6AEBE100C56779 /* Objective-C */,
				F6472DB61E6AE72E00C56779 /* Swift */,
			);
			path = Task;
			sourceTree = "<group>";
		};
		F6472DB61E6AE72E00C56779 /* Swift */ = {
			isa = PBXGroup;
			children = (
				F6472DB71E6AE73B00C56779 /* Task.swift */,
				F6472DB91E6AE74600C56779 /* TaskTests.swift */,
			);
			name = Swift;
			sourceTree = "<group>";
		};
		F6472DBB1E6AEBE100C56779 /* Objective-C */ = {
			isa = PBXGroup;
			children = (
				F6472DBC1E6AEBF700C56779 /* Task.h */,
				F6472DBD1E6AEBF700C56779 /* Task.m */,
				F6472DBF1E6AEC0F00C56779 /* TaskTests.m */,
			);
			name = "Objective-C";
			sourceTree = "<group>";
		};
		F647DDF41E4E680200936169 /* StreamOfValues(Reactive) */ = {
			isa = PBXGroup;
			children = (
				F647DDFB1E4E697D00936169 /* Swift */,
			);
			path = "StreamOfValues(Reactive)";
			sourceTree = "<group>";
		};
		F647DDFB1E4E697D00936169 /* Swift */ = {
			isa = PBXGroup;
			children = (
				F647DDF51E4E680200936169 /* StreamOfValues.swift */,
				F647DDF61E4E680200936169 /* StreamOfValuesTests.swift */,
			);
			name = Swift;
			sourceTree = "<group>";
		};
		F647DE031E4F0D1E00936169 /* Event */ = {
			isa = PBXGroup;
			children = (
				F647DE081E4F0D2300936169 /* Swift */,
			);
			path = Event;
			sourceTree = "<group>";
		};
		F647DE081E4F0D2300936169 /* Swift */ = {
			isa = PBXGroup;
			children = (
				F647DE041E4F0D1E00936169 /* Event.swift */,
				F647DE051E4F0D1E00936169 /* EventTests.swift */,
			);
			name = Swift;
			sourceTree = "<group>";
		};
		F64CF9431E45149D00776BA2 /* SupportingFiles */ = {
			isa = PBXGroup;
			children = (
				F64CF9441E45149D00776BA2 /* App */,
				F64CF9471E45149D00776BA2 /* Tests */,
			);
			path = SupportingFiles;
			sourceTree = "<group>";
		};
		F64CF9441E45149D00776BA2 /* App */ = {
			isa = PBXGroup;
			children = (
				F64CF9451E45149D00776BA2 /* AppDelegate.swift */,
				F64CF9461E45149D00776BA2 /* Info.plist */,
				F6BDBC8C1E451F59002FCE10 /* LaunchScreen.storyboard */,
			);
			path = App;
			sourceTree = "<group>";
		};
		F64CF9471E45149D00776BA2 /* Tests */ = {
			isa = PBXGroup;
			children = (
				F64CF9491E45151F00776BA2 /* PerformanceTests-Bridging-Header.h */,
				F64CF94A1E45151F00776BA2 /* PerformanceTests-Prefix.pch */,
				F64CF94B1E45151F00776BA2 /* Info.plist */,
			);
			path = Tests;
			sourceTree = "<group>";
		};
		F64CF94C1E45166200776BA2 /* CallbackTechniques */ = {
			isa = PBXGroup;
			children = (
				F64CF9691E45166200776BA2 /* CallbacksPerformanceTests.swift */,
				F64CF9531E45166200776BA2 /* Delegate */,
				F64CF9631E45166200776BA2 /* NotificationCenter */,
				F64CF94D1E45166200776BA2 /* Closure(Block) */,
				F64CF9591E45166200776BA2 /* Invocation */,
				F64CF9701E45166200776BA2 /* Responder */,
				F64CF95D1E45166200776BA2 /* KeyValueObserving */,
				F6472DB51E6AE71700C56779 /* Task */,
				F64CF96A1E45166200776BA2 /* Promise */,
				F647DE031E4F0D1E00936169 /* Event */,
				F647DDF41E4E680200936169 /* StreamOfValues(Reactive) */,
			);
			path = CallbackTechniques;
			sourceTree = "<group>";
		};
		F64CF94D1E45166200776BA2 /* Closure(Block) */ = {
			isa = PBXGroup;
			children = (
				F64CF99C1E4516BE00776BA2 /* Swift */,
				F64CF9961E45169D00776BA2 /* Objective-C */,
			);
			path = "Closure(Block)";
			sourceTree = "<group>";
		};
		F64CF9531E45166200776BA2 /* Delegate */ = {
			isa = PBXGroup;
			children = (
				F64CF99A1E4516B500776BA2 /* Swift */,
				F64CF9941E45169000776BA2 /* Objective-C */,
			);
			path = Delegate;
			sourceTree = "<group>";
		};
		F64CF9591E45166200776BA2 /* Invocation */ = {
			isa = PBXGroup;
			children = (
				F64CF9971E45169F00776BA2 /* Objective-C */,
			);
			path = Invocation;
			sourceTree = "<group>";
		};
		F64CF95D1E45166200776BA2 /* KeyValueObserving */ = {
			isa = PBXGroup;
			children = (
				F64CF99F1E4516C600776BA2 /* Swift */,
				F64CF9991E4516A500776BA2 /* Objective-C */,
			);
			path = KeyValueObserving;
			sourceTree = "<group>";
		};
		F64CF9631E45166200776BA2 /* NotificationCenter */ = {
			isa = PBXGroup;
			children = (
				F64CF99B1E4516BB00776BA2 /* Swift */,
				F64CF9951E45169A00776BA2 /* Objective-C */,
			);
			path = NotificationCenter;
			sourceTree = "<group>";
		};
		F64CF96A1E45166200776BA2 /* Promise */ = {
			isa = PBXGroup;
			children = (
				F64CF9A01E4516CA00776BA2 /* Swift */,
			);
			path = Promise;
			sourceTree = "<group>";
		};
		F64CF9701E45166200776BA2 /* Responder */ = {
			isa = PBXGroup;
			children = (
				F64CF99E1E4516C400776BA2 /* Swift */,
				F64CF9981E4516A200776BA2 /* Objective-C */,
			);
			path = Responder;
			sourceTree = "<group>";
		};
		F64CF9761E45166200776BA2 /* Tools */ = {
			isa = PBXGroup;
			children = (
				F64CF9771E45166200776BA2 /* PerformanceTestTools.swift */,
			);
			path = Tools;
			sourceTree = "<group>";
		};
		F64CF9941E45169000776BA2 /* Objective-C */ = {
			isa = PBXGroup;
			children = (
				F64CF9541E45166200776BA2 /* Delegate.h */,
				F64CF9551E45166200776BA2 /* Delegate.m */,
				F64CF9571E45166200776BA2 /* DelegateTests.m */,
			);
			name = "Objective-C";
			sourceTree = "<group>";
		};
		F64CF9951E45169A00776BA2 /* Objective-C */ = {
			isa = PBXGroup;
			children = (
				F64CF9641E45166200776BA2 /* NotificationCenter.h */,
				F64CF9651E45166200776BA2 /* NotificationCenter.m */,
				F64CF9671E45166200776BA2 /* NotificationCenterTests.m */,
			);
			name = "Objective-C";
			sourceTree = "<group>";
		};
		F64CF9961E45169D00776BA2 /* Objective-C */ = {
			isa = PBXGroup;
			children = (
				F64CF94E1E45166200776BA2 /* Block.h */,
				F64CF94F1E45166200776BA2 /* Block.m */,
				F64CF9501E45166200776BA2 /* BlockTests.m */,
			);
			name = "Objective-C";
			sourceTree = "<group>";
		};
		F64CF9971E45169F00776BA2 /* Objective-C */ = {
			isa = PBXGroup;
			children = (
				F64CF95A1E45166200776BA2 /* Invocation.h */,
				F64CF95B1E45166200776BA2 /* Invocation.m */,
				F64CF95C1E45166200776BA2 /* InvocationTests.m */,
			);
			name = "Objective-C";
			sourceTree = "<group>";
		};
		F64CF9981E4516A200776BA2 /* Objective-C */ = {
			isa = PBXGroup;
			children = (
				F64CF9711E45166200776BA2 /* Responder.h */,
				F64CF9721E45166200776BA2 /* Responder.m */,
				F64CF9741E45166200776BA2 /* ResponderTests.m */,
			);
			name = "Objective-C";
			sourceTree = "<group>";
		};
		F64CF9991E4516A500776BA2 /* Objective-C */ = {
			isa = PBXGroup;
			children = (
				F64CF95E1E45166200776BA2 /* KeyValueObserving.h */,
				F64CF95F1E45166200776BA2 /* KeyValueObserving.m */,
				F64CF9611E45166200776BA2 /* KeyValueObservingTests.m */,
			);
			name = "Objective-C";
			sourceTree = "<group>";
		};
		F64CF99A1E4516B500776BA2 /* Swift */ = {
			isa = PBXGroup;
			children = (
				F64CF9561E45166200776BA2 /* Delegate.swift */,
				F64CF9581E45166200776BA2 /* DelegateTests.swift */,
			);
			name = Swift;
			sourceTree = "<group>";
		};
		F64CF99B1E4516BB00776BA2 /* Swift */ = {
			isa = PBXGroup;
			children = (
				F64CF9661E45166200776BA2 /* NotificationCenter.swift */,
				F64CF9681E45166200776BA2 /* NotificationCenterTests.swift */,
			);
			name = Swift;
			sourceTree = "<group>";
		};
		F64CF99C1E4516BE00776BA2 /* Swift */ = {
			isa = PBXGroup;
			children = (
				F64CF9511E45166200776BA2 /* Closure.swift */,
				F64CF9521E45166200776BA2 /* ClosureTests.swift */,
			);
			name = Swift;
			sourceTree = "<group>";
		};
		F64CF99E1E4516C400776BA2 /* Swift */ = {
			isa = PBXGroup;
			children = (
				F64CF9731E45166200776BA2 /* Responder.swift */,
				F64CF9751E45166200776BA2 /* ResponderTests.swift */,
			);
			name = Swift;
			sourceTree = "<group>";
		};
		F64CF99F1E4516C600776BA2 /* Swift */ = {
			isa = PBXGroup;
			children = (
				F64CF9601E45166200776BA2 /* KeyValueObserving.swift */,
				F64CF9621E45166200776BA2 /* KeyValueObservingTests.swift */,
			);
			name = Swift;
			sourceTree = "<group>";
		};
		F64CF9A01E4516CA00776BA2 /* Swift */ = {
			isa = PBXGroup;
			children = (
				F64CF96B1E45166200776BA2 /* Promise.swift */,
				F64CF96C1E45166200776BA2 /* PromiseTests.swift */,
			);
			name = Swift;
			sourceTree = "<group>";
		};
		F6AF87691E3E3C3600CA1E3B = {
			isa = PBXGroup;
			children = (
				F64CF94C1E45166200776BA2 /* CallbackTechniques */,
				F64CF9761E45166200776BA2 /* Tools */,
				F64CF9431E45149D00776BA2 /* SupportingFiles */,
				F6AF87731E3E3C3700CA1E3B /* Products */,
				F6F115781E41D5580014AA00 /* Frameworks */,
			);
			sourceTree = "<group>";
		};
		F6AF87731E3E3C3700CA1E3B /* Products */ = {
			isa = PBXGroup;
			children = (
				F6AF87861E3E3C3700CA1E3B /* PerformanceTests.xctest */,
				F6E6EF421E3F74A3007A139C /* App.app */,
			);
			name = Products;
			sourceTree = "<group>";
		};
		F6F115781E41D5580014AA00 /* Frameworks */ = {
			isa = PBXGroup;
			children = (
				F6BE304C1E50F9570066D141 /* EmitterKit.framework */,
				F6BE30491E50F05F0066D141 /* RxSwift.framework */,
				F62DDA171E50D829007F345A /* BrightFutures.framework */,
				F647DE001E4E6CD200936169 /* Signals.framework */,
				F6F115791E41D5580014AA00 /* PromiseKit.framework */,
				F6F1157A1E41D5580014AA00 /* ReactiveSwift.framework */,
				F6F1157B1E41D5580014AA00 /* Result.framework */,
			);
			name = Frameworks;
			sourceTree = "<group>";
		};
/* End PBXGroup section */

/* Begin PBXNativeTarget section */
		F6AF87851E3E3C3700CA1E3B /* PerformanceTests */ = {
			isa = PBXNativeTarget;
			buildConfigurationList = F6AF87921E3E3C3700CA1E3B /* Build configuration list for PBXNativeTarget "PerformanceTests" */;
			buildPhases = (
				F6AF87821E3E3C3700CA1E3B /* Sources */,
				F6AF87831E3E3C3700CA1E3B /* Frameworks */,
				F6AF87841E3E3C3700CA1E3B /* Resources */,
				F6F115851E41EF5C0014AA00 /* CopyFiles */,
			);
			buildRules = (
			);
			dependencies = (
				F6E6EF551E3F7542007A139C /* PBXTargetDependency */,
			);
			name = PerformanceTests;
			productName = CallbackTechniquesTests;
			productReference = F6AF87861E3E3C3700CA1E3B /* PerformanceTests.xctest */;
			productType = "com.apple.product-type.bundle.unit-test";
		};
		F6E6EF411E3F74A3007A139C /* App */ = {
			isa = PBXNativeTarget;
			buildConfigurationList = F6E6EF531E3F74A3007A139C /* Build configuration list for PBXNativeTarget "App" */;
			buildPhases = (
				F6E6EF3E1E3F74A3007A139C /* Sources */,
				F6E6EF3F1E3F74A3007A139C /* Frameworks */,
				F6E6EF401E3F74A3007A139C /* Resources */,
			);
			buildRules = (
			);
			dependencies = (
			);
			name = App;
			productName = CallbackTechniques;
			productReference = F6E6EF421E3F74A3007A139C /* App.app */;
			productType = "com.apple.product-type.application";
		};
/* End PBXNativeTarget section */

/* Begin PBXProject section */
		F6AF876A1E3E3C3600CA1E3B /* Project object */ = {
			isa = PBXProject;
			attributes = {
				LastSwiftUpdateCheck = 0820;
				LastUpgradeCheck = 0820;
				ORGANIZATIONNAME = "Alexey Naumov";
				TargetAttributes = {
					F6AF87851E3E3C3700CA1E3B = {
						CreatedOnToolsVersion = 8.2.1;
						LastSwiftMigration = 0820;
						ProvisioningStyle = Automatic;
						TestTargetID = F6E6EF411E3F74A3007A139C;
					};
					F6E6EF411E3F74A3007A139C = {
						CreatedOnToolsVersion = 8.2.1;
						ProvisioningStyle = Automatic;
					};
				};
			};
			buildConfigurationList = F6AF876D1E3E3C3600CA1E3B /* Build configuration list for PBXProject "PerformanceTests" */;
			compatibilityVersion = "Xcode 3.2";
			developmentRegion = English;
			hasScannedForEncodings = 0;
			knownRegions = (
				en,
				Base,
			);
			mainGroup = F6AF87691E3E3C3600CA1E3B;
			productRefGroup = F6AF87731E3E3C3700CA1E3B /* Products */;
			projectDirPath = "";
			projectRoot = "";
			targets = (
				F6AF87851E3E3C3700CA1E3B /* PerformanceTests */,
				F6E6EF411E3F74A3007A139C /* App */,
			);
		};
/* End PBXProject section */

/* Begin PBXResourcesBuildPhase section */
		F6AF87841E3E3C3700CA1E3B /* Resources */ = {
			isa = PBXResourcesBuildPhase;
			buildActionMask = 2147483647;
			files = (
			);
			runOnlyForDeploymentPostprocessing = 0;
		};
		F6E6EF401E3F74A3007A139C /* Resources */ = {
			isa = PBXResourcesBuildPhase;
			buildActionMask = 2147483647;
			files = (
				F6BDBC8D1E451F59002FCE10 /* LaunchScreen.storyboard in Resources */,
			);
			runOnlyForDeploymentPostprocessing = 0;
		};
/* End PBXResourcesBuildPhase section */

/* Begin PBXSourcesBuildPhase section */
		F6AF87821E3E3C3700CA1E3B /* Sources */ = {
			isa = PBXSourcesBuildPhase;
			buildActionMask = 2147483647;
			files = (
				F64CF98C1E45166200776BA2 /* PromiseTests.swift in Sources */,
				F64CF97D1E45166200776BA2 /* Delegate.swift in Sources */,
				F64CF9921E45166200776BA2 /* ResponderTests.swift in Sources */,
				F647DDF71E4E680200936169 /* StreamOfValues.swift in Sources */,
				F64CF9781E45166200776BA2 /* Block.m in Sources */,
				F64CF97C1E45166200776BA2 /* Delegate.m in Sources */,
				F64CF97E1E45166200776BA2 /* DelegateTests.m in Sources */,
				F64CF9821E45166200776BA2 /* KeyValueObserving.m in Sources */,
				F64CF9901E45166200776BA2 /* Responder.swift in Sources */,
				F64CF9891E45166200776BA2 /* NotificationCenterTests.swift in Sources */,
				F64CF9881E45166200776BA2 /* NotificationCenterTests.m in Sources */,
				F64CF98B1E45166200776BA2 /* Promise.swift in Sources */,
				F6472DC01E6AEC0F00C56779 /* TaskTests.m in Sources */,
				F64CF9841E45166200776BA2 /* KeyValueObservingTests.m in Sources */,
				F64CF9911E45166200776BA2 /* ResponderTests.m in Sources */,
				F64CF97F1E45166200776BA2 /* DelegateTests.swift in Sources */,
				F64CF97B1E45166200776BA2 /* ClosureTests.swift in Sources */,
				F6472DBA1E6AE74600C56779 /* TaskTests.swift in Sources */,
				F64CF9791E45166200776BA2 /* BlockTests.m in Sources */,
				F64CF9801E45166200776BA2 /* Invocation.m in Sources */,
				F64CF97A1E45166200776BA2 /* Closure.swift in Sources */,
				F647DE061E4F0D1E00936169 /* Event.swift in Sources */,
				F64CF98F1E45166200776BA2 /* Responder.m in Sources */,
				F647DDF81E4E680200936169 /* StreamOfValuesTests.swift in Sources */,
				F6472DB81E6AE73B00C56779 /* Task.swift in Sources */,
				F647DE071E4F0D1E00936169 /* EventTests.swift in Sources */,
				F6472DBE1E6AEBF700C56779 /* Task.m in Sources */,
				F64CF9871E45166200776BA2 /* NotificationCenter.swift in Sources */,
				F64CF9861E45166200776BA2 /* NotificationCenter.m in Sources */,
				F64CF9851E45166200776BA2 /* KeyValueObservingTests.swift in Sources */,
				F64CF9931E45166200776BA2 /* PerformanceTestTools.swift in Sources */,
				F64CF9811E45166200776BA2 /* InvocationTests.m in Sources */,
				F64CF98A1E45166200776BA2 /* CallbacksPerformanceTests.swift in Sources */,
				F64CF9831E45166200776BA2 /* KeyValueObserving.swift in Sources */,
			);
			runOnlyForDeploymentPostprocessing = 0;
		};
		F6E6EF3E1E3F74A3007A139C /* Sources */ = {
			isa = PBXSourcesBuildPhase;
			buildActionMask = 2147483647;
			files = (
				F64CF9481E4514A700776BA2 /* AppDelegate.swift in Sources */,
			);
			runOnlyForDeploymentPostprocessing = 0;
		};
/* End PBXSourcesBuildPhase section */

/* Begin PBXTargetDependency section */
		F6E6EF551E3F7542007A139C /* PBXTargetDependency */ = {
			isa = PBXTargetDependency;
			target = F6E6EF411E3F74A3007A139C /* App */;
			targetProxy = F6E6EF541E3F7542007A139C /* PBXContainerItemProxy */;
		};
/* End PBXTargetDependency section */

/* Begin XCBuildConfiguration section */
		F6AF878D1E3E3C3700CA1E3B /* Debug */ = {
			isa = XCBuildConfiguration;
			buildSettings = {
				ALWAYS_SEARCH_USER_PATHS = NO;
				CLANG_ANALYZER_NONNULL = YES;
				CLANG_CXX_LANGUAGE_STANDARD = "gnu++0x";
				CLANG_CXX_LIBRARY = "libc++";
				CLANG_ENABLE_MODULES = YES;
				CLANG_ENABLE_OBJC_ARC = YES;
				CLANG_WARN_BOOL_CONVERSION = YES;
				CLANG_WARN_CONSTANT_CONVERSION = YES;
				CLANG_WARN_DIRECT_OBJC_ISA_USAGE = YES_ERROR;
				CLANG_WARN_DOCUMENTATION_COMMENTS = YES;
				CLANG_WARN_EMPTY_BODY = YES;
				CLANG_WARN_ENUM_CONVERSION = YES;
				CLANG_WARN_INFINITE_RECURSION = YES;
				CLANG_WARN_INT_CONVERSION = YES;
				CLANG_WARN_OBJC_ROOT_CLASS = YES_ERROR;
				CLANG_WARN_SUSPICIOUS_MOVE = YES;
				CLANG_WARN_UNREACHABLE_CODE = YES;
				CLANG_WARN__DUPLICATE_METHOD_MATCH = YES;
				"CODE_SIGN_IDENTITY[sdk=iphoneos*]" = "iPhone Developer";
				COPY_PHASE_STRIP = NO;
				DEBUG_INFORMATION_FORMAT = dwarf;
				ENABLE_STRICT_OBJC_MSGSEND = YES;
				ENABLE_TESTABILITY = YES;
				GCC_C_LANGUAGE_STANDARD = gnu99;
				GCC_DYNAMIC_NO_PIC = NO;
				GCC_NO_COMMON_BLOCKS = YES;
				GCC_OPTIMIZATION_LEVEL = 0;
				GCC_PRECOMPILE_PREFIX_HEADER = YES;
				GCC_PREFIX_HEADER = "$(SRCROOT)/SupportingFiles/Tests/PerformanceTests-Prefix.pch";
				GCC_PREPROCESSOR_DEFINITIONS = (
					"DEBUG=1",
					"$(inherited)",
				);
				GCC_WARN_64_TO_32_BIT_CONVERSION = YES;
				GCC_WARN_ABOUT_RETURN_TYPE = YES_ERROR;
				GCC_WARN_UNDECLARED_SELECTOR = YES;
				GCC_WARN_UNINITIALIZED_AUTOS = YES_AGGRESSIVE;
				GCC_WARN_UNUSED_FUNCTION = YES;
				GCC_WARN_UNUSED_VARIABLE = YES;
				IPHONEOS_DEPLOYMENT_TARGET = 10.2;
				MTL_ENABLE_DEBUG_INFO = YES;
				ONLY_ACTIVE_ARCH = YES;
				SDKROOT = iphoneos;
				SWIFT_ACTIVE_COMPILATION_CONDITIONS = DEBUG;
				SWIFT_OPTIMIZATION_LEVEL = "-Onone";
			};
			name = Debug;
		};
		F6AF878E1E3E3C3700CA1E3B /* Release */ = {
			isa = XCBuildConfiguration;
			buildSettings = {
				ALWAYS_SEARCH_USER_PATHS = NO;
				CLANG_ANALYZER_NONNULL = YES;
				CLANG_CXX_LANGUAGE_STANDARD = "gnu++0x";
				CLANG_CXX_LIBRARY = "libc++";
				CLANG_ENABLE_MODULES = YES;
				CLANG_ENABLE_OBJC_ARC = YES;
				CLANG_WARN_BOOL_CONVERSION = YES;
				CLANG_WARN_CONSTANT_CONVERSION = YES;
				CLANG_WARN_DIRECT_OBJC_ISA_USAGE = YES_ERROR;
				CLANG_WARN_DOCUMENTATION_COMMENTS = YES;
				CLANG_WARN_EMPTY_BODY = YES;
				CLANG_WARN_ENUM_CONVERSION = YES;
				CLANG_WARN_INFINITE_RECURSION = YES;
				CLANG_WARN_INT_CONVERSION = YES;
				CLANG_WARN_OBJC_ROOT_CLASS = YES_ERROR;
				CLANG_WARN_SUSPICIOUS_MOVE = YES;
				CLANG_WARN_UNREACHABLE_CODE = YES;
				CLANG_WARN__DUPLICATE_METHOD_MATCH = YES;
				"CODE_SIGN_IDENTITY[sdk=iphoneos*]" = "iPhone Developer";
				COPY_PHASE_STRIP = NO;
				DEBUG_INFORMATION_FORMAT = "dwarf-with-dsym";
				ENABLE_NS_ASSERTIONS = NO;
				ENABLE_STRICT_OBJC_MSGSEND = YES;
				GCC_C_LANGUAGE_STANDARD = gnu99;
				GCC_NO_COMMON_BLOCKS = YES;
				GCC_PRECOMPILE_PREFIX_HEADER = YES;
				GCC_PREFIX_HEADER = "$(SRCROOT)/SupportingFiles/Tests/PerformanceTests-Prefix.pch";
				GCC_WARN_64_TO_32_BIT_CONVERSION = YES;
				GCC_WARN_ABOUT_RETURN_TYPE = YES_ERROR;
				GCC_WARN_UNDECLARED_SELECTOR = YES;
				GCC_WARN_UNINITIALIZED_AUTOS = YES_AGGRESSIVE;
				GCC_WARN_UNUSED_FUNCTION = YES;
				GCC_WARN_UNUSED_VARIABLE = YES;
				IPHONEOS_DEPLOYMENT_TARGET = 10.2;
				MTL_ENABLE_DEBUG_INFO = NO;
				SDKROOT = iphoneos;
				SWIFT_OPTIMIZATION_LEVEL = "-Owholemodule";
				VALIDATE_PRODUCT = YES;
			};
			name = Release;
		};
		F6AF87931E3E3C3700CA1E3B /* Debug */ = {
			isa = XCBuildConfiguration;
			buildSettings = {
				ALWAYS_EMBED_SWIFT_STANDARD_LIBRARIES = YES;
				CLANG_ENABLE_MODULES = YES;
				FRAMEWORK_SEARCH_PATHS = (
					"$(inherited)",
					"$(PROJECT_DIR)/Carthage/Build/iOS",
				);
				INFOPLIST_FILE = SupportingFiles/Tests/Info.plist;
				LD_RUNPATH_SEARCH_PATHS = "$(inherited) @executable_path/Frameworks @loader_path/Frameworks";
				PRODUCT_BUNDLE_IDENTIFIER = "Alexey-Naumov.PerformanceTests";
				PRODUCT_NAME = "$(TARGET_NAME)";
				SWIFT_OBJC_BRIDGING_HEADER = "SupportingFiles/Tests/PerformanceTests-Bridging-Header.h";
				SWIFT_OPTIMIZATION_LEVEL = "-Onone";
				SWIFT_VERSION = 3.0;
				TEST_HOST = "$(BUILT_PRODUCTS_DIR)/App.app/App";
			};
			name = Debug;
		};
		F6AF87941E3E3C3700CA1E3B /* Release */ = {
			isa = XCBuildConfiguration;
			buildSettings = {
				ALWAYS_EMBED_SWIFT_STANDARD_LIBRARIES = YES;
				CLANG_ENABLE_MODULES = YES;
				FRAMEWORK_SEARCH_PATHS = (
					"$(inherited)",
					"$(PROJECT_DIR)/Carthage/Build/iOS",
				);
				INFOPLIST_FILE = SupportingFiles/Tests/Info.plist;
				LD_RUNPATH_SEARCH_PATHS = "$(inherited) @executable_path/Frameworks @loader_path/Frameworks";
				PRODUCT_BUNDLE_IDENTIFIER = "Alexey-Naumov.PerformanceTests";
				PRODUCT_NAME = "$(TARGET_NAME)";
				SWIFT_OBJC_BRIDGING_HEADER = "SupportingFiles/Tests/PerformanceTests-Bridging-Header.h";
				SWIFT_VERSION = 3.0;
				TEST_HOST = "$(BUILT_PRODUCTS_DIR)/App.app/App";
			};
			name = Release;
		};
		F6E6EF511E3F74A3007A139C /* Debug */ = {
			isa = XCBuildConfiguration;
			buildSettings = {
				GCC_PRECOMPILE_PREFIX_HEADER = NO;
				GCC_PREFIX_HEADER = "";
				INFOPLIST_FILE = SupportingFiles/App/Info.plist;
				LD_RUNPATH_SEARCH_PATHS = "$(inherited) @executable_path/Frameworks";
				PRODUCT_BUNDLE_IDENTIFIER = "Alexey-Naumov.App";
				PRODUCT_NAME = "$(TARGET_NAME)";
				SWIFT_VERSION = 3.0;
			};
			name = Debug;
		};
		F6E6EF521E3F74A3007A139C /* Release */ = {
			isa = XCBuildConfiguration;
			buildSettings = {
				GCC_PRECOMPILE_PREFIX_HEADER = NO;
				GCC_PREFIX_HEADER = "";
				INFOPLIST_FILE = SupportingFiles/App/Info.plist;
				LD_RUNPATH_SEARCH_PATHS = "$(inherited) @executable_path/Frameworks";
				PRODUCT_BUNDLE_IDENTIFIER = "Alexey-Naumov.App";
				PRODUCT_NAME = "$(TARGET_NAME)";
				SWIFT_VERSION = 3.0;
			};
			name = Release;
		};
/* End XCBuildConfiguration section */

/* Begin XCConfigurationList section */
		F6AF876D1E3E3C3600CA1E3B /* Build configuration list for PBXProject "PerformanceTests" */ = {
			isa = XCConfigurationList;
			buildConfigurations = (
				F6AF878D1E3E3C3700CA1E3B /* Debug */,
				F6AF878E1E3E3C3700CA1E3B /* Release */,
			);
			defaultConfigurationIsVisible = 0;
			defaultConfigurationName = Release;
		};
		F6AF87921E3E3C3700CA1E3B /* Build configuration list for PBXNativeTarget "PerformanceTests" */ = {
			isa = XCConfigurationList;
			buildConfigurations = (
				F6AF87931E3E3C3700CA1E3B /* Debug */,
				F6AF87941E3E3C3700CA1E3B /* Release */,
			);
			defaultConfigurationIsVisible = 0;
			defaultConfigurationName = Release;
		};
		F6E6EF531E3F74A3007A139C /* Build configuration list for PBXNativeTarget "App" */ = {
			isa = XCConfigurationList;
			buildConfigurations = (
				F6E6EF511E3F74A3007A139C /* Debug */,
				F6E6EF521E3F74A3007A139C /* Release */,
			);
			defaultConfigurationIsVisible = 0;
			defaultConfigurationName = Release;
		};
/* End XCConfigurationList section */
	};
	rootObject = F6AF876A1E3E3C3600CA1E3B /* Project object */;
}
